
Microsoft Visual Studio Solution File, Format Version 12.00
# Visual Studio Version 17
VisualStudioVersion = 17.2.32519.379
MinimumVisualStudioVersion = 10.0.40219.1
Project("{9A19103F-16F7-4668-BE54-9A1E7A4F7556}") = "AulaMVC", "AulaMVC\AulaMVC.csproj", "{491AE742-9CBD-4807-AD41-E7EE36753BAF}"
EndProject
Project("{FAE04EC0-301F-11D3-BF4B-00C04F79EFBC}") = "TestProject1", "TestProject1\TestProject1.csproj", "{83DBC5E8-F118-47F7-94D3-6EA631A62ABB}"
EndProject
Global
	GlobalSection(SolutionConfigurationPlatforms) = preSolution
		Debug|Any CPU = Debug|Any CPU
		Release|Any CPU = Release|Any CPU
	EndGlobalSection
	GlobalSection(ProjectConfigurationPlatforms) = postSolution
		{491AE742-9CBD-4807-AD41-E7EE36753BAF}.Debug|Any CPU.ActiveCfg = Debug|Any CPU
		{491AE742-9CBD-4807-AD41-E7EE36753BAF}.Debug|Any CPU.Build.0 = Debug|Any CPU
		{491AE742-9CBD-4807-AD41-E7EE36753BAF}.Release|Any CPU.ActiveCfg = Release|Any CPU
		{491AE742-9CBD-4807-AD41-E7EE36753BAF}.Release|Any CPU.Build.0 = Release|Any CPU
		{83DBC5E8-F118-47F7-94D3-6EA631A62ABB}.Debug|Any CPU.ActiveCfg = Debug|Any CPU
		{83DBC5E8-F118-47F7-94D3-6EA631A62ABB}.Debug|Any CPU.Build.0 = Debug|Any CPU
		{83DBC5E8-F118-47F7-94D3-6EA631A62ABB}.Release|Any CPU.ActiveCfg = Release|Any CPU
		{83DBC5E8-F118-47F7-94D3-6EA631A62ABB}.Release|Any CPU.Build.0 = Release|Any CPU
	EndGlobalSection
	GlobalSection(SolutionProperties) = preSolution
		HideSolutionNode = FALSE
	EndGlobalSection
	GlobalSection(ExtensibilityGlobals) = postSolution
		SolutionGuid = {3F1D83F0-FEC1-4470-8283-6C4BBBCAFD31}
	EndGlobalSection
EndGlobal
